
Microsoft Visual Studio Solution File, Format Version 12.00
Project("{FAE04EC0-301F-11D3-BF4B-00C04F79EFBC}") = "LB3 - matrices", "LB3 - matrices\LB3 - matrices.csproj", "{7B0338CB-8DEA-45BC-9010-020FBA42FB6C}"
EndProject
Global
	GlobalSection(SolutionConfigurationPlatforms) = preSolution
		Debug|Any CPU = Debug|Any CPU
		Release|Any CPU = Release|Any CPU
	EndGlobalSection
	GlobalSection(ProjectConfigurationPlatforms) = postSolution
		{7B0338CB-8DEA-45BC-9010-020FBA42FB6C}.Debug|Any CPU.ActiveCfg = Debug|Any CPU
		{7B0338CB-8DEA-45BC-9010-020FBA42FB6C}.Debug|Any CPU.Build.0 = Debug|Any CPU
		{7B0338CB-8DEA-45BC-9010-020FBA42FB6C}.Release|Any CPU.ActiveCfg = Release|Any CPU
		{7B0338CB-8DEA-45BC-9010-020FBA42FB6C}.Release|Any CPU.Build.0 = Release|Any CPU
	EndGlobalSection
EndGlobal
